{
  "name": "lambda",
  "version": "1.0.0",
  "lockfileVersion": 2,
  "requires": true,
  "packages": {
    "": {
      "name": "lambda",
      "version": "1.0.0",
      "license": "ISC",
      "dependencies": {
        "duda-aws-headers": "1.0.0",
        "node-fetch": "^2.6.1"
      }
    },
    "node_modules/duda-aws-headers": {
      "version": "1.0.0",
      "license": "ISC"
    },
    "node_modules/node-fetch": {
      "version": "2.6.1",
      "license": "MIT",
      "engines": {
        "node": "4.x || >=6.0.0"
      }
    }
  },
  "dependencies": {
    "duda-aws-headers": {
      "version": "1.0.0"
    },
    "node-fetch": {
      "version": "2.6.1"
    }
  }
}
